
Microsoft Visual Studio Solution File, Format Version 12.00
# Visual Studio Version 16
VisualStudioVersion = 16.0.29020.237
MinimumVisualStudioVersion = 10.0.40219.1
Project("{FAE04EC0-301F-11D3-BF4B-00C04F79EFBC}") = "odev", "VTYS Proje App\odev.csproj", "{D7F48A97-CC6E-4D20-B724-AC1FB0DC85B7}"
EndProject
Global
	GlobalSection(SolutionConfigurationPlatforms) = preSolution
		Debug|Any CPU = Debug|Any CPU
		Release|Any CPU = Release|Any CPU
	EndGlobalSection
	GlobalSection(ProjectConfigurationPlatforms) = postSolution
		{D7F48A97-CC6E-4D20-B724-AC1FB0DC85B7}.Debug|Any CPU.ActiveCfg = Debug|Any CPU
		{D7F48A97-CC6E-4D20-B724-AC1FB0DC85B7}.Debug|Any CPU.Build.0 = Debug|Any CPU
		{D7F48A97-CC6E-4D20-B724-AC1FB0DC85B7}.Release|Any CPU.ActiveCfg = Release|Any CPU
		{D7F48A97-CC6E-4D20-B724-AC1FB0DC85B7}.Release|Any CPU.Build.0 = Release|Any CPU
	EndGlobalSection
	GlobalSection(SolutionProperties) = preSolution
		HideSolutionNode = FALSE
	EndGlobalSection
	GlobalSection(ExtensibilityGlobals) = postSolution
		SolutionGuid = {9C0F3405-4C2D-4F99-ADFF-E5B1BFDC9F07}
	EndGlobalSection
EndGlobal
